
Microsoft Visual Studio Solution File, Format Version 12.00
# Visual Studio Version 16
VisualStudioVersion = 16.0.31515.178
MinimumVisualStudioVersion = 10.0.40219.1
Project("{FAE04EC0-301F-11D3-BF4B-00C04F79EFBC}") = "Blog", "Blog\Blog.csproj", "{14FBAF43-9503-4288-A1FF-11069DA12C2F}"
EndProject
Global
	GlobalSection(SolutionConfigurationPlatforms) = preSolution
		Debug|Any CPU = Debug|Any CPU
		Release|Any CPU = Release|Any CPU
	EndGlobalSection
	GlobalSection(ProjectConfigurationPlatforms) = postSolution
		{14FBAF43-9503-4288-A1FF-11069DA12C2F}.Debug|Any CPU.ActiveCfg = Debug|Any CPU
		{14FBAF43-9503-4288-A1FF-11069DA12C2F}.Debug|Any CPU.Build.0 = Debug|Any CPU
		{14FBAF43-9503-4288-A1FF-11069DA12C2F}.Release|Any CPU.ActiveCfg = Release|Any CPU
		{14FBAF43-9503-4288-A1FF-11069DA12C2F}.Release|Any CPU.Build.0 = Release|Any CPU
	EndGlobalSection
	GlobalSection(SolutionProperties) = preSolution
		HideSolutionNode = FALSE
	EndGlobalSection
	GlobalSection(ExtensibilityGlobals) = postSolution
		SolutionGuid = {1BACF4D7-65AA-4163-816C-03D91DAE476D}
	EndGlobalSection
EndGlobal
